
Microsoft Visual Studio Solution File, Format Version 12.00
# Visual Studio 14
VisualStudioVersion = 14.0.24720.0
MinimumVisualStudioVersion = 10.0.40219.1
Project("{FAE04EC0-301F-11D3-BF4B-00C04F79EFBC}") = "cs426-spectralmancer.CSharp.Plugins", "cs426-spectralmancer.CSharp.Plugins.csproj", "{2F17E479-AEF5-6129-DBC9-0F6D6817950A}"
EndProject
Project("{FAE04EC0-301F-11D3-BF4B-00C04F79EFBC}") = "cs426-spectralmancer.CSharp", "cs426-spectralmancer.CSharp.csproj", "{83840549-4946-51A7-678B-ABA9742F6F09}"
EndProject
Project("{FAE04EC0-301F-11D3-BF4B-00C04F79EFBC}") = "cs426-spectralmancer.CSharp.Editor", "cs426-spectralmancer.CSharp.Editor.csproj", "{B22BEC83-1E32-43D1-462C-774B0B9A5694}"
EndProject
Global
	GlobalSection(SolutionConfigurationPlatforms) = preSolution
		Debug|Any CPU = Debug|Any CPU
		Release|Any CPU = Release|Any CPU
	EndGlobalSection
	GlobalSection(ProjectConfigurationPlatforms) = postSolution
		{2F17E479-AEF5-6129-DBC9-0F6D6817950A}.Debug|Any CPU.ActiveCfg = Debug|Any CPU
		{2F17E479-AEF5-6129-DBC9-0F6D6817950A}.Debug|Any CPU.Build.0 = Debug|Any CPU
		{2F17E479-AEF5-6129-DBC9-0F6D6817950A}.Release|Any CPU.ActiveCfg = Release|Any CPU
		{2F17E479-AEF5-6129-DBC9-0F6D6817950A}.Release|Any CPU.Build.0 = Release|Any CPU
		{83840549-4946-51A7-678B-ABA9742F6F09}.Debug|Any CPU.ActiveCfg = Debug|Any CPU
		{83840549-4946-51A7-678B-ABA9742F6F09}.Debug|Any CPU.Build.0 = Debug|Any CPU
		{83840549-4946-51A7-678B-ABA9742F6F09}.Release|Any CPU.ActiveCfg = Release|Any CPU
		{83840549-4946-51A7-678B-ABA9742F6F09}.Release|Any CPU.Build.0 = Release|Any CPU
		{B22BEC83-1E32-43D1-462C-774B0B9A5694}.Debug|Any CPU.ActiveCfg = Debug|Any CPU
		{B22BEC83-1E32-43D1-462C-774B0B9A5694}.Debug|Any CPU.Build.0 = Debug|Any CPU
		{B22BEC83-1E32-43D1-462C-774B0B9A5694}.Release|Any CPU.ActiveCfg = Release|Any CPU
		{B22BEC83-1E32-43D1-462C-774B0B9A5694}.Release|Any CPU.Build.0 = Release|Any CPU
	EndGlobalSection
	GlobalSection(SolutionProperties) = preSolution
		HideSolutionNode = FALSE
	EndGlobalSection
EndGlobal
