
Microsoft Visual Studio Solution File, Format Version 12.00
# Visual Studio 2015
Project("{FAE04EC0-301F-11D3-BF4B-00C04F79EFBC}") = "cs426-unfinished-tales.CSharp.Plugins", "cs426-unfinished-tales.CSharp.Plugins.csproj", "{7330E962-AB53-7D2E-FD68-3D2ECA6D7F4B}"
EndProject
Project("{FAE04EC0-301F-11D3-BF4B-00C04F79EFBC}") = "cs426-unfinished-tales.CSharp", "cs426-unfinished-tales.CSharp.csproj", "{4A26466E-EC75-F299-0004-7F30FBBA0A8D}"
EndProject
Project("{FAE04EC0-301F-11D3-BF4B-00C04F79EFBC}") = "cs426-unfinished-tales.CSharp.Editor", "cs426-unfinished-tales.CSharp.Editor.csproj", "{57B95172-FC1D-EE54-ADEE-0BE31A0B7FAD}"
EndProject
Global
	GlobalSection(SolutionConfigurationPlatforms) = preSolution
		Debug|Any CPU = Debug|Any CPU
		Release|Any CPU = Release|Any CPU
	EndGlobalSection
	GlobalSection(ProjectConfigurationPlatforms) = postSolution
		{7330E962-AB53-7D2E-FD68-3D2ECA6D7F4B}.Debug|Any CPU.ActiveCfg = Debug|Any CPU
		{7330E962-AB53-7D2E-FD68-3D2ECA6D7F4B}.Debug|Any CPU.Build.0 = Debug|Any CPU
		{7330E962-AB53-7D2E-FD68-3D2ECA6D7F4B}.Release|Any CPU.ActiveCfg = Release|Any CPU
		{7330E962-AB53-7D2E-FD68-3D2ECA6D7F4B}.Release|Any CPU.Build.0 = Release|Any CPU
		{4A26466E-EC75-F299-0004-7F30FBBA0A8D}.Debug|Any CPU.ActiveCfg = Debug|Any CPU
		{4A26466E-EC75-F299-0004-7F30FBBA0A8D}.Debug|Any CPU.Build.0 = Debug|Any CPU
		{4A26466E-EC75-F299-0004-7F30FBBA0A8D}.Release|Any CPU.ActiveCfg = Release|Any CPU
		{4A26466E-EC75-F299-0004-7F30FBBA0A8D}.Release|Any CPU.Build.0 = Release|Any CPU
		{57B95172-FC1D-EE54-ADEE-0BE31A0B7FAD}.Debug|Any CPU.ActiveCfg = Debug|Any CPU
		{57B95172-FC1D-EE54-ADEE-0BE31A0B7FAD}.Debug|Any CPU.Build.0 = Debug|Any CPU
		{57B95172-FC1D-EE54-ADEE-0BE31A0B7FAD}.Release|Any CPU.ActiveCfg = Release|Any CPU
		{57B95172-FC1D-EE54-ADEE-0BE31A0B7FAD}.Release|Any CPU.Build.0 = Release|Any CPU
	EndGlobalSection
	GlobalSection(SolutionProperties) = preSolution
		HideSolutionNode = FALSE
	EndGlobalSection
EndGlobal
