Microsoft Visual Studio Solution File, Format Version 11.00
# Visual Studio 2008

Project("{CE75571A-6415-A033-5BA9-5C3A8387DA73}") = "asgn8", "Assembly-CSharp.csproj", "{2ECD8180-FDF8-24D6-A8D7-55ED9A966C39}"
EndProject
Global
	GlobalSection(SolutionConfigurationPlatforms) = preSolution
		Debug|Any CPU = Debug|Any CPU
		Release|Any CPU = Release|Any CPU
	EndGlobalSection
	GlobalSection(ProjectConfigurationPlatforms) = postSolution
		{2ECD8180-FDF8-24D6-A8D7-55ED9A966C39}.Debug|Any CPU.ActiveCfg = Debug|Any CPU
		{2ECD8180-FDF8-24D6-A8D7-55ED9A966C39}.Debug|Any CPU.Build.0 = Debug|Any CPU
		{2ECD8180-FDF8-24D6-A8D7-55ED9A966C39}.Release|Any CPU.ActiveCfg = Release|Any CPU
		{2ECD8180-FDF8-24D6-A8D7-55ED9A966C39}.Release|Any CPU.Build.0 = Release|Any CPU
	EndGlobalSection
	GlobalSection(SolutionProperties) = preSolution
		HideSolutionNode = FALSE
	EndGlobalSection
	GlobalSection(MonoDevelopProperties) = preSolution
		StartupItem = Assembly-CSharp.csproj
	EndGlobalSection
EndGlobal
