
Microsoft Visual Studio Solution File, Format Version 12.00
# Visual Studio 2015
Project("{FAE04EC0-301F-11D3-BF4B-00C04F79EFBC}") = "asgn8.CSharp", "asgn8.CSharp.csproj", "{AC38A8C5-2BCB-B7CA-ADBA-2BAE31831407}"
EndProject
Global
	GlobalSection(SolutionConfigurationPlatforms) = preSolution
		Debug|Any CPU = Debug|Any CPU
		Release|Any CPU = Release|Any CPU
	EndGlobalSection
	GlobalSection(ProjectConfigurationPlatforms) = postSolution
		{AC38A8C5-2BCB-B7CA-ADBA-2BAE31831407}.Debug|Any CPU.ActiveCfg = Debug|Any CPU
		{AC38A8C5-2BCB-B7CA-ADBA-2BAE31831407}.Debug|Any CPU.Build.0 = Debug|Any CPU
		{AC38A8C5-2BCB-B7CA-ADBA-2BAE31831407}.Release|Any CPU.ActiveCfg = Release|Any CPU
		{AC38A8C5-2BCB-B7CA-ADBA-2BAE31831407}.Release|Any CPU.Build.0 = Release|Any CPU
	EndGlobalSection
	GlobalSection(SolutionProperties) = preSolution
		HideSolutionNode = FALSE
	EndGlobalSection
EndGlobal
